
Microsoft Visual Studio Solution File, Format Version 12.00
# Visual Studio 15
VisualStudioVersion = 15.0.27130.2010
MinimumVisualStudioVersion = 10.0.40219.1
Project("{8BC9CEB8-8B4A-11D0-8D11-00A0C91BC942}") = "Game1", "Game1\Game1.vcxproj", "{601FB8AB-B5FD-4590-B7C0-3C486A260F3B}"
EndProject
Global
	GlobalSection(SolutionConfigurationPlatforms) = preSolution
		Debug|x64 = Debug|x64
		Debug|x86 = Debug|x86
		Release|x64 = Release|x64
		Release|x86 = Release|x86
	EndGlobalSection
	GlobalSection(ProjectConfigurationPlatforms) = postSolution
		{601FB8AB-B5FD-4590-B7C0-3C486A260F3B}.Debug|x64.ActiveCfg = Debug|x64
		{601FB8AB-B5FD-4590-B7C0-3C486A260F3B}.Debug|x64.Build.0 = Debug|x64
		{601FB8AB-B5FD-4590-B7C0-3C486A260F3B}.Debug|x86.ActiveCfg = Debug|Win32
		{601FB8AB-B5FD-4590-B7C0-3C486A260F3B}.Debug|x86.Build.0 = Debug|Win32
		{601FB8AB-B5FD-4590-B7C0-3C486A260F3B}.Release|x64.ActiveCfg = Release|x64
		{601FB8AB-B5FD-4590-B7C0-3C486A260F3B}.Release|x64.Build.0 = Release|x64
		{601FB8AB-B5FD-4590-B7C0-3C486A260F3B}.Release|x86.ActiveCfg = Release|Win32
		{601FB8AB-B5FD-4590-B7C0-3C486A260F3B}.Release|x86.Build.0 = Release|Win32
	EndGlobalSection
	GlobalSection(SolutionProperties) = preSolution
		HideSolutionNode = FALSE
	EndGlobalSection
	GlobalSection(ExtensibilityGlobals) = postSolution
		SolutionGuid = {9EB83E4E-5A19-49EF-9D6E-8048AED2337B}
	EndGlobalSection
EndGlobal
